
Microsoft Visual Studio Solution File, Format Version 12.00
# Visual Studio Version 16
VisualStudioVersion = 16.0.31005.135
MinimumVisualStudioVersion = 10.0.40219.1
Project("{FAE04EC0-301F-11D3-BF4B-00C04F79EFBC}") = "PeopleHW.web", "PeopleHW.web\PeopleHW.web.csproj", "{FAF9E51E-DA82-4F21-AAB8-4F83F32389BF}"
EndProject
Project("{FAE04EC0-301F-11D3-BF4B-00C04F79EFBC}") = "PeopleHW.Data", "PeopleHW.Data\PeopleHW.Data.csproj", "{C110861C-E27A-4BC8-B412-C1A4EB2E6754}"
EndProject
Global
	GlobalSection(SolutionConfigurationPlatforms) = preSolution
		Debug|Any CPU = Debug|Any CPU
		Release|Any CPU = Release|Any CPU
	EndGlobalSection
	GlobalSection(ProjectConfigurationPlatforms) = postSolution
		{FAF9E51E-DA82-4F21-AAB8-4F83F32389BF}.Debug|Any CPU.ActiveCfg = Debug|Any CPU
		{FAF9E51E-DA82-4F21-AAB8-4F83F32389BF}.Debug|Any CPU.Build.0 = Debug|Any CPU
		{FAF9E51E-DA82-4F21-AAB8-4F83F32389BF}.Release|Any CPU.ActiveCfg = Release|Any CPU
		{FAF9E51E-DA82-4F21-AAB8-4F83F32389BF}.Release|Any CPU.Build.0 = Release|Any CPU
		{C110861C-E27A-4BC8-B412-C1A4EB2E6754}.Debug|Any CPU.ActiveCfg = Debug|Any CPU
		{C110861C-E27A-4BC8-B412-C1A4EB2E6754}.Debug|Any CPU.Build.0 = Debug|Any CPU
		{C110861C-E27A-4BC8-B412-C1A4EB2E6754}.Release|Any CPU.ActiveCfg = Release|Any CPU
		{C110861C-E27A-4BC8-B412-C1A4EB2E6754}.Release|Any CPU.Build.0 = Release|Any CPU
	EndGlobalSection
	GlobalSection(SolutionProperties) = preSolution
		HideSolutionNode = FALSE
	EndGlobalSection
	GlobalSection(ExtensibilityGlobals) = postSolution
		SolutionGuid = {2F4652FF-F063-4A75-97A5-D35431704F04}
	EndGlobalSection
EndGlobal
